
Microsoft Visual Studio Solution File, Format Version 12.00
# Visual Studio Version 16
VisualStudioVersion = 16.0.30011.22
MinimumVisualStudioVersion = 10.0.40219.1
Project("{9A19103F-16F7-4668-BE54-9A1E7A4F7556}") = "P01.GenericsExercise", "01. Generic Box of String\P01.GenericsExercise.csproj", "{210CFD6B-1C7C-43E9-84E3-DA304B14D0B8}"
EndProject
Project("{9A19103F-16F7-4668-BE54-9A1E7A4F7556}") = "P02.GenericsExercise", "02. Generic Box of Int\P02.GenericsExercise.csproj", "{98DC5677-2463-40BC-ADC3-18A5EE9850C4}"
EndProject
Project("{9A19103F-16F7-4668-BE54-9A1E7A4F7556}") = "P03.GenericsExercise", "03. Generic Swap Method String\P03.GenericsExercise.csproj", "{9FBD2303-7E19-4C59-8B4E-0E9A1F5F657E}"
EndProject
Project("{9A19103F-16F7-4668-BE54-9A1E7A4F7556}") = "P04.GenericsExercise", "04. Generic Swap Method Int\P04.GenericsExercise.csproj", "{176AA4B5-0C60-4138-826E-630E53E15AAE}"
EndProject
Project("{9A19103F-16F7-4668-BE54-9A1E7A4F7556}") = "P05.GenericsExercise", "05. Generic Count Method Strings\P05.GenericsExercise.csproj", "{291188BA-FF19-44E3-8FDF-BFE7FD54BFB9}"
EndProject
Project("{9A19103F-16F7-4668-BE54-9A1E7A4F7556}") = "P06.GenericsExercise", "06. Generic Count Method Double\P06.GenericsExercise.csproj", "{32E79FA3-D403-4484-B7A0-9498452F5EC1}"
EndProject
Project("{FAE04EC0-301F-11D3-BF4B-00C04F79EFBC}") = "P07. Tuple", "07. Tuple\P07. Tuple.csproj", "{D73F48A5-77D5-4B8D-A20B-3A31E3080F4D}"
EndProject
Project("{9A19103F-16F7-4668-BE54-9A1E7A4F7556}") = "P08.Threeuple", "08. Threeuple\P08.Threeuple.csproj", "{7F367343-A171-4538-B8F9-1859B287965E}"
EndProject
Global
	GlobalSection(SolutionConfigurationPlatforms) = preSolution
		Debug|Any CPU = Debug|Any CPU
		Release|Any CPU = Release|Any CPU
	EndGlobalSection
	GlobalSection(ProjectConfigurationPlatforms) = postSolution
		{210CFD6B-1C7C-43E9-84E3-DA304B14D0B8}.Debug|Any CPU.ActiveCfg = Debug|Any CPU
		{210CFD6B-1C7C-43E9-84E3-DA304B14D0B8}.Debug|Any CPU.Build.0 = Debug|Any CPU
		{210CFD6B-1C7C-43E9-84E3-DA304B14D0B8}.Release|Any CPU.ActiveCfg = Release|Any CPU
		{210CFD6B-1C7C-43E9-84E3-DA304B14D0B8}.Release|Any CPU.Build.0 = Release|Any CPU
		{98DC5677-2463-40BC-ADC3-18A5EE9850C4}.Debug|Any CPU.ActiveCfg = Debug|Any CPU
		{98DC5677-2463-40BC-ADC3-18A5EE9850C4}.Debug|Any CPU.Build.0 = Debug|Any CPU
		{98DC5677-2463-40BC-ADC3-18A5EE9850C4}.Release|Any CPU.ActiveCfg = Release|Any CPU
		{98DC5677-2463-40BC-ADC3-18A5EE9850C4}.Release|Any CPU.Build.0 = Release|Any CPU
		{9FBD2303-7E19-4C59-8B4E-0E9A1F5F657E}.Debug|Any CPU.ActiveCfg = Debug|Any CPU
		{9FBD2303-7E19-4C59-8B4E-0E9A1F5F657E}.Debug|Any CPU.Build.0 = Debug|Any CPU
		{9FBD2303-7E19-4C59-8B4E-0E9A1F5F657E}.Release|Any CPU.ActiveCfg = Release|Any CPU
		{9FBD2303-7E19-4C59-8B4E-0E9A1F5F657E}.Release|Any CPU.Build.0 = Release|Any CPU
		{176AA4B5-0C60-4138-826E-630E53E15AAE}.Debug|Any CPU.ActiveCfg = Debug|Any CPU
		{176AA4B5-0C60-4138-826E-630E53E15AAE}.Debug|Any CPU.Build.0 = Debug|Any CPU
		{176AA4B5-0C60-4138-826E-630E53E15AAE}.Release|Any CPU.ActiveCfg = Release|Any CPU
		{176AA4B5-0C60-4138-826E-630E53E15AAE}.Release|Any CPU.Build.0 = Release|Any CPU
		{291188BA-FF19-44E3-8FDF-BFE7FD54BFB9}.Debug|Any CPU.ActiveCfg = Debug|Any CPU
		{291188BA-FF19-44E3-8FDF-BFE7FD54BFB9}.Debug|Any CPU.Build.0 = Debug|Any CPU
		{291188BA-FF19-44E3-8FDF-BFE7FD54BFB9}.Release|Any CPU.ActiveCfg = Release|Any CPU
		{291188BA-FF19-44E3-8FDF-BFE7FD54BFB9}.Release|Any CPU.Build.0 = Release|Any CPU
		{32E79FA3-D403-4484-B7A0-9498452F5EC1}.Debug|Any CPU.ActiveCfg = Debug|Any CPU
		{32E79FA3-D403-4484-B7A0-9498452F5EC1}.Debug|Any CPU.Build.0 = Debug|Any CPU
		{32E79FA3-D403-4484-B7A0-9498452F5EC1}.Release|Any CPU.ActiveCfg = Release|Any CPU
		{32E79FA3-D403-4484-B7A0-9498452F5EC1}.Release|Any CPU.Build.0 = Release|Any CPU
		{D73F48A5-77D5-4B8D-A20B-3A31E3080F4D}.Debug|Any CPU.ActiveCfg = Debug|Any CPU
		{D73F48A5-77D5-4B8D-A20B-3A31E3080F4D}.Debug|Any CPU.Build.0 = Debug|Any CPU
		{D73F48A5-77D5-4B8D-A20B-3A31E3080F4D}.Release|Any CPU.ActiveCfg = Release|Any CPU
		{D73F48A5-77D5-4B8D-A20B-3A31E3080F4D}.Release|Any CPU.Build.0 = Release|Any CPU
		{7F367343-A171-4538-B8F9-1859B287965E}.Debug|Any CPU.ActiveCfg = Debug|Any CPU
		{7F367343-A171-4538-B8F9-1859B287965E}.Debug|Any CPU.Build.0 = Debug|Any CPU
		{7F367343-A171-4538-B8F9-1859B287965E}.Release|Any CPU.ActiveCfg = Release|Any CPU
		{7F367343-A171-4538-B8F9-1859B287965E}.Release|Any CPU.Build.0 = Release|Any CPU
	EndGlobalSection
	GlobalSection(SolutionProperties) = preSolution
		HideSolutionNode = FALSE
	EndGlobalSection
	GlobalSection(ExtensibilityGlobals) = postSolution
		SolutionGuid = {F06612A2-8671-425A-8B3D-9D2E9AFC6453}
	EndGlobalSection
EndGlobal
